
Microsoft Visual Studio Solution File, Format Version 12.00
# Visual Studio Version 16
VisualStudioVersion = 16.0.31205.134
MinimumVisualStudioVersion = 10.0.40219.1
Project("{FAE04EC0-301F-11D3-BF4B-00C04F79EFBC}") = "Stack lists", "Stack lists.csproj", "{093B633B-136D-48B7-A410-44BC0B6DB98B}"
EndProject
Global
	GlobalSection(SolutionConfigurationPlatforms) = preSolution
		Debug|Any CPU = Debug|Any CPU
		Release|Any CPU = Release|Any CPU
	EndGlobalSection
	GlobalSection(ProjectConfigurationPlatforms) = postSolution
		{093B633B-136D-48B7-A410-44BC0B6DB98B}.Debug|Any CPU.ActiveCfg = Debug|Any CPU
		{093B633B-136D-48B7-A410-44BC0B6DB98B}.Debug|Any CPU.Build.0 = Debug|Any CPU
		{093B633B-136D-48B7-A410-44BC0B6DB98B}.Release|Any CPU.ActiveCfg = Release|Any CPU
		{093B633B-136D-48B7-A410-44BC0B6DB98B}.Release|Any CPU.Build.0 = Release|Any CPU
	EndGlobalSection
	GlobalSection(SolutionProperties) = preSolution
		HideSolutionNode = FALSE
	EndGlobalSection
	GlobalSection(ExtensibilityGlobals) = postSolution
		SolutionGuid = {5CF4F468-0D62-479D-AE53-46C7F02C2252}
	EndGlobalSection
EndGlobal
